
Microsoft Visual Studio Solution File, Format Version 12.00
# Visual Studio Version 17
VisualStudioVersion = 17.10.34916.146
MinimumVisualStudioVersion = 10.0.40219.1
Project("{9A19103F-16F7-4668-BE54-9A1E7A4F7556}") = "Day2 - Task1", "Day2 - Task1\Day2 - Task1.csproj", "{6CF82897-080B-4DD7-9EC3-DFB186BB04AD}"
EndProject
Project("{9A19103F-16F7-4668-BE54-9A1E7A4F7556}") = "Day 2 - Task 2", "Day 2 - Task 2\Day 2 - Task 2.csproj", "{1899476D-20F6-4C01-A77F-E27CE667ED23}"
EndProject
Project("{9A19103F-16F7-4668-BE54-9A1E7A4F7556}") = "Day2 - Task 3", "Day2 - Task 3\Day2 - Task 3.csproj", "{24F624C2-8F53-45D2-95D4-9A7D81D135BB}"
EndProject
Project("{9A19103F-16F7-4668-BE54-9A1E7A4F7556}") = "Day 2 - bounus 1", "Day 2 - bounus 1\Day 2 - bounus 1.csproj", "{68601DA2-BA14-4BAF-B6AC-E53954AAC5D3}"
EndProject
Project("{FAE04EC0-301F-11D3-BF4B-00C04F79EFBC}") = "Day2 - bonus 2", "Day2 - bonus 2\Day2 - bonus 2.csproj", "{A501DCDA-7CB7-4330-AB78-47CB102F688D}"
EndProject
Global
	GlobalSection(SolutionConfigurationPlatforms) = preSolution
		Debug|Any CPU = Debug|Any CPU
		Release|Any CPU = Release|Any CPU
	EndGlobalSection
	GlobalSection(ProjectConfigurationPlatforms) = postSolution
		{6CF82897-080B-4DD7-9EC3-DFB186BB04AD}.Debug|Any CPU.ActiveCfg = Debug|Any CPU
		{6CF82897-080B-4DD7-9EC3-DFB186BB04AD}.Debug|Any CPU.Build.0 = Debug|Any CPU
		{6CF82897-080B-4DD7-9EC3-DFB186BB04AD}.Release|Any CPU.ActiveCfg = Release|Any CPU
		{6CF82897-080B-4DD7-9EC3-DFB186BB04AD}.Release|Any CPU.Build.0 = Release|Any CPU
		{1899476D-20F6-4C01-A77F-E27CE667ED23}.Debug|Any CPU.ActiveCfg = Debug|Any CPU
		{1899476D-20F6-4C01-A77F-E27CE667ED23}.Debug|Any CPU.Build.0 = Debug|Any CPU
		{1899476D-20F6-4C01-A77F-E27CE667ED23}.Release|Any CPU.ActiveCfg = Release|Any CPU
		{1899476D-20F6-4C01-A77F-E27CE667ED23}.Release|Any CPU.Build.0 = Release|Any CPU
		{24F624C2-8F53-45D2-95D4-9A7D81D135BB}.Debug|Any CPU.ActiveCfg = Debug|Any CPU
		{24F624C2-8F53-45D2-95D4-9A7D81D135BB}.Debug|Any CPU.Build.0 = Debug|Any CPU
		{24F624C2-8F53-45D2-95D4-9A7D81D135BB}.Release|Any CPU.ActiveCfg = Release|Any CPU
		{24F624C2-8F53-45D2-95D4-9A7D81D135BB}.Release|Any CPU.Build.0 = Release|Any CPU
		{68601DA2-BA14-4BAF-B6AC-E53954AAC5D3}.Debug|Any CPU.ActiveCfg = Debug|Any CPU
		{68601DA2-BA14-4BAF-B6AC-E53954AAC5D3}.Debug|Any CPU.Build.0 = Debug|Any CPU
		{68601DA2-BA14-4BAF-B6AC-E53954AAC5D3}.Release|Any CPU.ActiveCfg = Release|Any CPU
		{68601DA2-BA14-4BAF-B6AC-E53954AAC5D3}.Release|Any CPU.Build.0 = Release|Any CPU
		{A501DCDA-7CB7-4330-AB78-47CB102F688D}.Debug|Any CPU.ActiveCfg = Debug|Any CPU
		{A501DCDA-7CB7-4330-AB78-47CB102F688D}.Debug|Any CPU.Build.0 = Debug|Any CPU
		{A501DCDA-7CB7-4330-AB78-47CB102F688D}.Release|Any CPU.ActiveCfg = Release|Any CPU
		{A501DCDA-7CB7-4330-AB78-47CB102F688D}.Release|Any CPU.Build.0 = Release|Any CPU
	EndGlobalSection
	GlobalSection(SolutionProperties) = preSolution
		HideSolutionNode = FALSE
	EndGlobalSection
	GlobalSection(ExtensibilityGlobals) = postSolution
		SolutionGuid = {167FB7BD-7A3B-4575-9E29-0B3967A48E46}
	EndGlobalSection
EndGlobal
